# generated by rye
# use `rye lock` or `rye sync` to update this lockfile
#
# last locked with the following flags:
#   pre: false
#   features: []
#   all-features: false
#   with-sources: false

-e file:.
certifi==2024.7.4
    # via pulsar-client
click==8.1.7
    # via pulsar-viewer
gbulb==0.6.5
    # via toga-gtk
pulsar-client==3.5.0
    # via pulsar-viewer
pycairo==1.26.1
    # via pygobject
    # via toga-gtk
pygobject==3.48.2
    # via gbulb
    # via toga-gtk
toga==0.4.5
    # via pulsar-viewer
toga-core==0.4.5
    # via toga-gtk
toga-gtk==0.4.5
    # via toga
travertino==0.3.0
    # via toga-core
