# generated by rye
# use `rye lock` or `rye sync` to update this lockfile
#
# last locked with the following flags:
#   pre: false
#   features: []
#   all-features: false
#   with-sources: false

-e file:.
certifi==2024.7.4
    # via pulsar-client
click==8.1.7
    # via pulsar-viewer
exceptiongroup==1.2.2
    # via pytest
gbulb==0.6.5
    # via toga-gtk
iniconfig==2.0.0
    # via pytest
packaging==24.1
    # via pytest
pluggy==1.5.0
    # via pytest
pulsar-client==3.5.0
    # via pulsar-viewer
pycairo==1.26.1
    # via pygobject
    # via toga-gtk
pygobject==3.48.2
    # via gbulb
    # via toga-gtk
pytest==8.3.2
    # via pytest-dependency
pytest-dependency==0.6.0
setuptools==72.1.0
    # via pytest-dependency
toga==0.4.5
    # via pulsar-viewer
toga-core==0.4.5
    # via toga-gtk
toga-gtk==0.4.5
    # via toga
tomli==2.0.1
    # via pytest
travertino==0.3.0
    # via toga-core
