# generated by rye
# use `rye lock` or `rye sync` to update this lockfile
#
# last locked with the following flags:
#   pre: false
#   features: []
#   all-features: false
#   with-sources: false
#   generate-hashes: false
#   universal: true

-e file:.
aiohttp==3.9.5
    # via langchain
    # via langchain-community
    # via voyageai
aiolimiter==1.1.0
    # via voyageai
aiosignal==1.3.1
    # via aiohttp
annotated-types==0.7.0
    # via pydantic
anthropic==0.32.0
    # via embedd-all
anyio==4.4.0
    # via anthropic
    # via httpx
    # via sse-starlette
    # via starlette
attrs==23.2.0
    # via aiohttp
    # via jsonschema
    # via referencing
certifi==2024.7.4
    # via httpcore
    # via httpx
    # via pinecone-client
    # via requests
charset-normalizer==3.3.2
    # via requests
click==8.1.7
    # via typer
    # via uvicorn
colorama==0.4.6
    # via click
    # via tqdm
    # via typer
dataclasses-json==0.6.7
    # via langchain-community
distro==1.9.0
    # via anthropic
et-xmlfile==1.1.0
    # via openpyxl
fastapi==0.110.3
    # via langserve
    # via sse-starlette
filelock==3.15.4
    # via huggingface-hub
frozenlist==1.4.1
    # via aiohttp
    # via aiosignal
fsspec==2024.6.1
    # via huggingface-hub
gitdb==4.0.11
    # via gitpython
gitpython==3.1.43
    # via langchain-cli
greenlet==3.0.3 ; python_version < '3.13' and (platform_machine == 'AMD64' or platform_machine == 'WIN32' or platform_machine == 'aarch64' or platform_machine == 'amd64' or platform_machine == 'ppc64le' or platform_machine == 'win32' or platform_machine == 'x86_64')
    # via sqlalchemy
h11==0.14.0
    # via httpcore
    # via uvicorn
httpcore==1.0.5
    # via httpx
httpx==0.27.0
    # via anthropic
    # via langserve
huggingface-hub==0.24.5
    # via tokenizers
idna==3.7
    # via anyio
    # via httpx
    # via requests
    # via yarl
jiter==0.5.0
    # via anthropic
jsonpatch==1.33
    # via langchain-core
jsonpointer==3.0.0
    # via jsonpatch
jsonschema==4.23.0
    # via pyproject-toml
jsonschema-specifications==2023.12.1
    # via jsonschema
langchain==0.2.2
    # via embedd-all
    # via langchain-community
langchain-cli==0.0.28
    # via embedd-all
langchain-community==0.2.2
    # via embedd-all
langchain-core==0.2.24
    # via langchain
    # via langchain-community
    # via langchain-text-splitters
    # via langserve
langchain-text-splitters==0.2.2
    # via langchain
langserve==0.2.2
    # via langchain-cli
langsmith==0.1.94
    # via langchain
    # via langchain-community
    # via langchain-core
libcst==1.4.0 ; python_version < '4.0'
    # via langchain-cli
markdown-it-py==3.0.0
    # via rich
marshmallow==3.21.3
    # via dataclasses-json
mdurl==0.1.2
    # via markdown-it-py
multidict==6.0.5
    # via aiohttp
    # via yarl
mypy-extensions==1.0.0
    # via typing-inspect
numpy==1.26.4
    # via langchain
    # via langchain-community
    # via pandas
    # via voyageai
openpyxl==3.1.5
    # via embedd-all
orjson==3.10.6
    # via langserve
    # via langsmith
packaging==24.1
    # via huggingface-hub
    # via langchain-core
    # via marshmallow
pandas==2.2.2
    # via embedd-all
pinecone==5.0.0
    # via embedd-all
pinecone-client==5.0.0
    # via pinecone
    # via pinecone-plugin-inference
pinecone-plugin-inference==1.0.2
    # via pinecone-client
pinecone-plugin-interface==0.0.7
    # via pinecone-client
    # via pinecone-plugin-inference
pydantic==2.8.2
    # via anthropic
    # via fastapi
    # via langchain
    # via langchain-core
    # via langserve
    # via langsmith
pydantic-core==2.20.1
    # via pydantic
pygments==2.18.0
    # via rich
pypdf==4.2.0
    # via embedd-all
pyproject-toml==0.0.10
    # via langserve
python-dateutil==2.9.0.post0
    # via pandas
pytz==2024.1
    # via pandas
pyyaml==6.0.1
    # via huggingface-hub
    # via langchain
    # via langchain-community
    # via langchain-core
    # via libcst
referencing==0.35.1
    # via jsonschema
    # via jsonschema-specifications
requests==2.32.3
    # via huggingface-hub
    # via langchain
    # via langchain-community
    # via langsmith
    # via voyageai
rich==13.7.1
    # via typer
rpds-py==0.19.1
    # via jsonschema
    # via referencing
setuptools==72.1.0
    # via pyproject-toml
shellingham==1.5.4
    # via typer
six==1.16.0
    # via python-dateutil
smmap==5.0.1
    # via gitdb
sniffio==1.3.1
    # via anthropic
    # via anyio
    # via httpx
sqlalchemy==2.0.31
    # via langchain
    # via langchain-community
sse-starlette==1.8.2
    # via langserve
starlette==0.37.2
    # via fastapi
    # via sse-starlette
tenacity==8.5.0
    # via langchain
    # via langchain-community
    # via langchain-core
    # via voyageai
tokenizers==0.19.1
    # via anthropic
toml==0.10.2
    # via pyproject-toml
tomlkit==0.12.5
    # via langchain-cli
tqdm==4.66.4
    # via huggingface-hub
    # via pinecone-client
typer==0.9.4
    # via langchain-cli
typing-extensions==4.12.2
    # via anthropic
    # via fastapi
    # via huggingface-hub
    # via pinecone-client
    # via pydantic
    # via pydantic-core
    # via sqlalchemy
    # via typer
    # via typing-inspect
typing-inspect==0.9.0
    # via dataclasses-json
tzdata==2024.1
    # via pandas
urllib3==2.2.2
    # via pinecone-client
    # via requests
uvicorn==0.23.2
    # via langchain-cli
    # via sse-starlette
voyageai==0.2.3
    # via embedd-all
wheel==0.43.0
    # via pyproject-toml
yarl==1.9.4
    # via aiohttp
